# This file is automatically @generated by Cargo.
# It is not intended for manual editing.
version = 4

[[package]]
name = "app-a"
version = "0.0.0"
dependencies = [
 "leftpad 0.1.0",
 "numparse 1.0.0",
]

[[package]]
name = "app-b"
version = "0.0.0"
dependencies = [
 "mid",
 "numparse 2.0.0",
]

[[package]]
name = "leftpad"
version = "0.1.0"

[[package]]
name = "leftpad"
version = "0.2.0"

[[package]]
name = "mid"
version = "0.0.0"
dependencies = [
 "leftpad 0.2.0",
]

[[package]]
name = "numparse"
version = "1.0.0"

[[package]]
name = "numparse"
version = "2.0.0"
